
Microsoft Visual Studio Solution File, Format Version 12.00
# Visual Studio Version 16
VisualStudioVersion = 16.0.31911.196
MinimumVisualStudioVersion = 10.0.40219.1
Project("{FAE04EC0-301F-11D3-BF4B-00C04F79EFBC}") = "DevTeams_Repository", "DevTeams_Repository\DevTeams_Repository.csproj", "{57C127E6-F99B-4797-8D71-DFB1B70A1E4F}"
EndProject
Project("{FAE04EC0-301F-11D3-BF4B-00C04F79EFBC}") = "DevTeams_POCOs", "DevTeams_POCOs\DevTeams_POCOs.csproj", "{B617139A-47EA-48DC-A582-58B54C831A49}"
EndProject
Project("{FAE04EC0-301F-11D3-BF4B-00C04F79EFBC}") = "DevTeams_UI", "Dev.TeamsUI\DevTeams_UI.csproj", "{2537FBBE-E21A-46AE-AC2D-515DEB887DA5}"
EndProject
Global
	GlobalSection(SolutionConfigurationPlatforms) = preSolution
		Debug|Any CPU = Debug|Any CPU
		Release|Any CPU = Release|Any CPU
	EndGlobalSection
	GlobalSection(ProjectConfigurationPlatforms) = postSolution
		{57C127E6-F99B-4797-8D71-DFB1B70A1E4F}.Debug|Any CPU.ActiveCfg = Debug|Any CPU
		{57C127E6-F99B-4797-8D71-DFB1B70A1E4F}.Debug|Any CPU.Build.0 = Debug|Any CPU
		{57C127E6-F99B-4797-8D71-DFB1B70A1E4F}.Release|Any CPU.ActiveCfg = Release|Any CPU
		{57C127E6-F99B-4797-8D71-DFB1B70A1E4F}.Release|Any CPU.Build.0 = Release|Any CPU
		{B617139A-47EA-48DC-A582-58B54C831A49}.Debug|Any CPU.ActiveCfg = Debug|Any CPU
		{B617139A-47EA-48DC-A582-58B54C831A49}.Debug|Any CPU.Build.0 = Debug|Any CPU
		{B617139A-47EA-48DC-A582-58B54C831A49}.Release|Any CPU.ActiveCfg = Release|Any CPU
		{B617139A-47EA-48DC-A582-58B54C831A49}.Release|Any CPU.Build.0 = Release|Any CPU
		{2537FBBE-E21A-46AE-AC2D-515DEB887DA5}.Debug|Any CPU.ActiveCfg = Debug|Any CPU
		{2537FBBE-E21A-46AE-AC2D-515DEB887DA5}.Debug|Any CPU.Build.0 = Debug|Any CPU
		{2537FBBE-E21A-46AE-AC2D-515DEB887DA5}.Release|Any CPU.ActiveCfg = Release|Any CPU
		{2537FBBE-E21A-46AE-AC2D-515DEB887DA5}.Release|Any CPU.Build.0 = Release|Any CPU
	EndGlobalSection
	GlobalSection(SolutionProperties) = preSolution
		HideSolutionNode = FALSE
	EndGlobalSection
	GlobalSection(ExtensibilityGlobals) = postSolution
		SolutionGuid = {E3366CE0-3873-46F4-8D8C-B1FB25169628}
	EndGlobalSection
EndGlobal
